
Microsoft Visual Studio Solution File, Format Version 12.00
# Visual Studio Version 17
VisualStudioVersion = 17.5.001.0
MinimumVisualStudioVersion = 10.0.40219.1
Project("{9A19103F-16F7-4668-BE54-9A1E7A4F7556}") = "Task1", "Task1\Task1.csproj", "{09CBB26E-F8CA-4006-8904-68B626E6F040}"
EndProject
Project("{9A19103F-16F7-4668-BE54-9A1E7A4F7556}") = "Task2", "Task2\Task2.csproj", "{44756A99-9B73-4F3D-B262-5F4DCAD0F828}"
EndProject
Project("{9A19103F-16F7-4668-BE54-9A1E7A4F7556}") = "Task3", "Task3\Task3.csproj", "{95FF0DA8-DBBA-4A4D-A9E1-805DB777A7D9}"
EndProject
Global
	GlobalSection(SolutionConfigurationPlatforms) = preSolution
		Debug|Any CPU = Debug|Any CPU
		Release|Any CPU = Release|Any CPU
	EndGlobalSection
	GlobalSection(ProjectConfigurationPlatforms) = postSolution
		{09CBB26E-F8CA-4006-8904-68B626E6F040}.Debug|Any CPU.ActiveCfg = Debug|Any CPU
		{09CBB26E-F8CA-4006-8904-68B626E6F040}.Debug|Any CPU.Build.0 = Debug|Any CPU
		{09CBB26E-F8CA-4006-8904-68B626E6F040}.Release|Any CPU.ActiveCfg = Release|Any CPU
		{09CBB26E-F8CA-4006-8904-68B626E6F040}.Release|Any CPU.Build.0 = Release|Any CPU
		{44756A99-9B73-4F3D-B262-5F4DCAD0F828}.Debug|Any CPU.ActiveCfg = Debug|Any CPU
		{44756A99-9B73-4F3D-B262-5F4DCAD0F828}.Debug|Any CPU.Build.0 = Debug|Any CPU
		{44756A99-9B73-4F3D-B262-5F4DCAD0F828}.Release|Any CPU.ActiveCfg = Release|Any CPU
		{44756A99-9B73-4F3D-B262-5F4DCAD0F828}.Release|Any CPU.Build.0 = Release|Any CPU
		{95FF0DA8-DBBA-4A4D-A9E1-805DB777A7D9}.Debug|Any CPU.ActiveCfg = Debug|Any CPU
		{95FF0DA8-DBBA-4A4D-A9E1-805DB777A7D9}.Debug|Any CPU.Build.0 = Debug|Any CPU
		{95FF0DA8-DBBA-4A4D-A9E1-805DB777A7D9}.Release|Any CPU.ActiveCfg = Release|Any CPU
		{95FF0DA8-DBBA-4A4D-A9E1-805DB777A7D9}.Release|Any CPU.Build.0 = Release|Any CPU
	EndGlobalSection
	GlobalSection(SolutionProperties) = preSolution
		HideSolutionNode = FALSE
	EndGlobalSection
	GlobalSection(ExtensibilityGlobals) = postSolution
		SolutionGuid = {B3787A63-52BC-4184-849F-BF70C4973CB7}
	EndGlobalSection
EndGlobal
